// !$*UTF8*$!
{
	archiveVersion = 1;
	classes = {
	};
	objectVersion = 46;
	objects = {

/* Begin PBXBuildFile section */
		24826FE6CB233627325E5179 /* Pods_JINTools.framework in Frameworks */ = {isa = PBXBuildFile; fileRef = B41DC3097E4C906C81A2D612 /* Pods_JINTools.framework */; };
		3F0334511F287ABD0046D3BD /* NSArray+Log.m in Sources */ = {isa = PBXBuildFile; fileRef = 3F03344E1F287ABD0046D3BD /* NSArray+Log.m */; };
		3F0334521F287ABD0046D3BD /* UIView+JINExtension.m in Sources */ = {isa = PBXBuildFile; fileRef = 3F0334501F287ABD0046D3BD /* UIView+JINExtension.m */; };
		3F03345A1F287E780046D3BD /* JINWebView.m in Sources */ = {isa = PBXBuildFile; fileRef = 3F0334591F287E780046D3BD /* JINWebView.m */; };
		3F03345D1F2987B30046D3BD /* JINWebViewController.m in Sources */ = {isa = PBXBuildFile; fileRef = 3F03345C1F2987B30046D3BD /* JINWebViewController.m */; };
		3F0334601F29953C0046D3BD /* JINAudioController.m in Sources */ = {isa = PBXBuildFile; fileRef = 3F03345F1F29953C0046D3BD /* JINAudioController.m */; };
		3F0334631F29D86F0046D3BD /* JINAudioFileController.m in Sources */ = {isa = PBXBuildFile; fileRef = 3F0334621F29D86F0046D3BD /* JINAudioFileController.m */; };
		3F16E8C01F2AE586005B5378 /* JINVideoController.m in Sources */ = {isa = PBXBuildFile; fileRef = 3F16E8BF1F2AE586005B5378 /* JINVideoController.m */; };
		3F16E8C21F2AEAE3005B5378 /* 1.mp4 in Resources */ = {isa = PBXBuildFile; fileRef = 3F16E8C11F2AEAE3005B5378 /* 1.mp4 */; };
		3F1B34951EFA04B200B41AC1 /* AppDelegate.m in Sources */ = {isa = PBXBuildFile; fileRef = 3F1B34941EFA04B200B41AC1 /* AppDelegate.m */; };
		3F1B34A61EFA429900B41AC1 /* JINProtocolView.m in Sources */ = {isa = PBXBuildFile; fileRef = 3F1B34A31EFA429900B41AC1 /* JINProtocolView.m */; };
		3F1B34A71EFA429900B41AC1 /* JINTestView.m in Sources */ = {isa = PBXBuildFile; fileRef = 3F1B34A51EFA429900B41AC1 /* JINTestView.m */; };
		3F1B34B91EFB77C000B41AC1 /* FMDatabase.m in Sources */ = {isa = PBXBuildFile; fileRef = 3F1B34AE1EFB77C000B41AC1 /* FMDatabase.m */; };
		3F1B34BA1EFB77C000B41AC1 /* FMDatabaseAdditions.m in Sources */ = {isa = PBXBuildFile; fileRef = 3F1B34B01EFB77C000B41AC1 /* FMDatabaseAdditions.m */; };
		3F1B34BB1EFB77C000B41AC1 /* FMDatabasePool.m in Sources */ = {isa = PBXBuildFile; fileRef = 3F1B34B21EFB77C000B41AC1 /* FMDatabasePool.m */; };
		3F1B34BC1EFB77C000B41AC1 /* FMDatabaseQueue.m in Sources */ = {isa = PBXBuildFile; fileRef = 3F1B34B41EFB77C000B41AC1 /* FMDatabaseQueue.m */; };
		3F1B34BD1EFB77C000B41AC1 /* FMResultSet.m in Sources */ = {isa = PBXBuildFile; fileRef = 3F1B34B71EFB77C000B41AC1 /* FMResultSet.m */; };
		3F1B34BE1EFB77C000B41AC1 /* Info.plist in Resources */ = {isa = PBXBuildFile; fileRef = 3F1B34B81EFB77C000B41AC1 /* Info.plist */; };
		3F1B34C11EFB77FB00B41AC1 /* libsqlite3.0.tbd in Frameworks */ = {isa = PBXBuildFile; fileRef = 3F1B34C01EFB77FB00B41AC1 /* libsqlite3.0.tbd */; };
		3F2794321F009857008DA99D /* JINAutoLayoutController.m in Sources */ = {isa = PBXBuildFile; fileRef = 3F2794311F009857008DA99D /* JINAutoLayoutController.m */; };
		3F2877121F06305100823171 /* JINRealmApplyController.m in Sources */ = {isa = PBXBuildFile; fileRef = 3F2877111F06305100823171 /* JINRealmApplyController.m */; };
		3F2877151F06315100823171 /* JINPhoneModel.m in Sources */ = {isa = PBXBuildFile; fileRef = 3F2877141F06315100823171 /* JINPhoneModel.m */; };
		3F29EC941EEE2EB700959533 /* main.m in Sources */ = {isa = PBXBuildFile; fileRef = 3F29EC931EEE2EB700959533 /* main.m */; };
		3F29EC9F1EEE2EB800959533 /* Assets.xcassets in Resources */ = {isa = PBXBuildFile; fileRef = 3F29EC9E1EEE2EB800959533 /* Assets.xcassets */; };
		3F29ECA21EEE2EB800959533 /* LaunchScreen.storyboard in Resources */ = {isa = PBXBuildFile; fileRef = 3F29ECA01EEE2EB800959533 /* LaunchScreen.storyboard */; };
		3FF5C43B1F0202E4004FD134 /* JINBlockSecondController.m in Sources */ = {isa = PBXBuildFile; fileRef = 3FF5C4371F0202E4004FD134 /* JINBlockSecondController.m */; };
		3FF5C43C1F0202E4004FD134 /* JINBlockSecondController.xib in Resources */ = {isa = PBXBuildFile; fileRef = 3FF5C4381F0202E4004FD134 /* JINBlockSecondController.xib */; };
		3FF5C43D1F0202E4004FD134 /* JINBlockViewController.m in Sources */ = {isa = PBXBuildFile; fileRef = 3FF5C43A1F0202E4004FD134 /* JINBlockViewController.m */; };
		3FF5C4401F020322004FD134 /* ViewController.m in Sources */ = {isa = PBXBuildFile; fileRef = 3FF5C43F1F020322004FD134 /* ViewController.m */; };
		3FF5C4431F02034C004FD134 /* JINBaseViewController.m in Sources */ = {isa = PBXBuildFile; fileRef = 3FF5C4421F02034C004FD134 /* JINBaseViewController.m */; };
		3FF5C4471F02041F004FD134 /* JINRealmController.m in Sources */ = {isa = PBXBuildFile; fileRef = 3FF5C4461F02041F004FD134 /* JINRealmController.m */; };
		3FF5C44A1F020519004FD134 /* JINRealmPerson.m in Sources */ = {isa = PBXBuildFile; fileRef = 3FF5C4491F020519004FD134 /* JINRealmPerson.m */; };
		3FF5C44E1F024540004FD134 /* JINRealmUpdateController.m in Sources */ = {isa = PBXBuildFile; fileRef = 3FF5C44C1F024540004FD134 /* JINRealmUpdateController.m */; };
		3FF5C44F1F024540004FD134 /* JINRealmUpdateController.xib in Resources */ = {isa = PBXBuildFile; fileRef = 3FF5C44D1F024540004FD134 /* JINRealmUpdateController.xib */; };
		3FF5C4531F0252D5004FD134 /* JINRealmAddController.m in Sources */ = {isa = PBXBuildFile; fileRef = 3FF5C4511F0252D5004FD134 /* JINRealmAddController.m */; };
		3FF5C4541F0252D5004FD134 /* JINRealmAddController.xib in Resources */ = {isa = PBXBuildFile; fileRef = 3FF5C4521F0252D5004FD134 /* JINRealmAddController.xib */; };
		3FF5C4621F025962004FD134 /* JINAddController.m in Sources */ = {isa = PBXBuildFile; fileRef = 3FF5C4571F025962004FD134 /* JINAddController.m */; };
		3FF5C4631F025962004FD134 /* JINAddController.xib in Resources */ = {isa = PBXBuildFile; fileRef = 3FF5C4581F025962004FD134 /* JINAddController.xib */; };
		3FF5C4641F025962004FD134 /* JINDataTestController.m in Sources */ = {isa = PBXBuildFile; fileRef = 3FF5C45A1F025962004FD134 /* JINDataTestController.m */; };
		3FF5C4651F025962004FD134 /* JINfmdbTool.m in Sources */ = {isa = PBXBuildFile; fileRef = 3FF5C45C1F025962004FD134 /* JINfmdbTool.m */; };
		3FF5C4661F025962004FD134 /* JINModel.m in Sources */ = {isa = PBXBuildFile; fileRef = 3FF5C45E1F025962004FD134 /* JINModel.m */; };
		3FF5C4671F025962004FD134 /* JINUpdataController.m in Sources */ = {isa = PBXBuildFile; fileRef = 3FF5C4601F025962004FD134 /* JINUpdataController.m */; };
		3FF5C4681F025962004FD134 /* JINUpdataController.xib in Resources */ = {isa = PBXBuildFile; fileRef = 3FF5C4611F025962004FD134 /* JINUpdataController.xib */; };
/* End PBXBuildFile section */

/* Begin PBXFileReference section */
		126AC1628DB3DB7690FF1E85 /* Pods-JINTools.release.xcconfig */ = {isa = PBXFileReference; includeInIndex = 1; lastKnownFileType = text.xcconfig; name = "Pods-JINTools.release.xcconfig"; path = "Pods/Target Support Files/Pods-JINTools/Pods-JINTools.release.xcconfig"; sourceTree = "<group>"; };
		3F03344D1F287ABD0046D3BD /* NSArray+Log.h */ = {isa = PBXFileReference; fileEncoding = 4; lastKnownFileType = sourcecode.c.h; path = "NSArray+Log.h"; sourceTree = "<group>"; };
		3F03344E1F287ABD0046D3BD /* NSArray+Log.m */ = {isa = PBXFileReference; fileEncoding = 4; lastKnownFileType = sourcecode.c.objc; path = "NSArray+Log.m"; sourceTree = "<group>"; };
		3F03344F1F287ABD0046D3BD /* UIView+JINExtension.h */ = {isa = PBXFileReference; fileEncoding = 4; lastKnownFileType = sourcecode.c.h; path = "UIView+JINExtension.h"; sourceTree = "<group>"; };
		3F0334501F287ABD0046D3BD /* UIView+JINExtension.m */ = {isa = PBXFileReference; fileEncoding = 4; lastKnownFileType = sourcecode.c.objc; path = "UIView+JINExtension.m"; sourceTree = "<group>"; };
		3F0334581F287E780046D3BD /* JINWebView.h */ = {isa = PBXFileReference; fileEncoding = 4; lastKnownFileType = sourcecode.c.h; path = JINWebView.h; sourceTree = "<group>"; };
		3F0334591F287E780046D3BD /* JINWebView.m */ = {isa = PBXFileReference; fileEncoding = 4; lastKnownFileType = sourcecode.c.objc; path = JINWebView.m; sourceTree = "<group>"; };
		3F03345B1F2987B30046D3BD /* JINWebViewController.h */ = {isa = PBXFileReference; fileEncoding = 4; lastKnownFileType = sourcecode.c.h; path = JINWebViewController.h; sourceTree = "<group>"; };
		3F03345C1F2987B30046D3BD /* JINWebViewController.m */ = {isa = PBXFileReference; fileEncoding = 4; lastKnownFileType = sourcecode.c.objc; path = JINWebViewController.m; sourceTree = "<group>"; };
		3F03345E1F29953C0046D3BD /* JINAudioController.h */ = {isa = PBXFileReference; fileEncoding = 4; lastKnownFileType = sourcecode.c.h; path = JINAudioController.h; sourceTree = "<group>"; };
		3F03345F1F29953C0046D3BD /* JINAudioController.m */ = {isa = PBXFileReference; fileEncoding = 4; lastKnownFileType = sourcecode.c.objc; path = JINAudioController.m; sourceTree = "<group>"; };
		3F0334611F29D86F0046D3BD /* JINAudioFileController.h */ = {isa = PBXFileReference; fileEncoding = 4; lastKnownFileType = sourcecode.c.h; path = JINAudioFileController.h; sourceTree = "<group>"; };
		3F0334621F29D86F0046D3BD /* JINAudioFileController.m */ = {isa = PBXFileReference; fileEncoding = 4; lastKnownFileType = sourcecode.c.objc; path = JINAudioFileController.m; sourceTree = "<group>"; };
		3F16E8BE1F2AE586005B5378 /* JINVideoController.h */ = {isa = PBXFileReference; fileEncoding = 4; lastKnownFileType = sourcecode.c.h; path = JINVideoController.h; sourceTree = "<group>"; };
		3F16E8BF1F2AE586005B5378 /* JINVideoController.m */ = {isa = PBXFileReference; fileEncoding = 4; lastKnownFileType = sourcecode.c.objc; path = JINVideoController.m; sourceTree = "<group>"; };
		3F16E8C11F2AEAE3005B5378 /* 1.mp4 */ = {isa = PBXFileReference; lastKnownFileType = file; path = 1.mp4; sourceTree = "<group>"; };
		3F1B34931EFA04B200B41AC1 /* AppDelegate.h */ = {isa = PBXFileReference; fileEncoding = 4; lastKnownFileType = sourcecode.c.h; path = AppDelegate.h; sourceTree = "<group>"; };
		3F1B34941EFA04B200B41AC1 /* AppDelegate.m */ = {isa = PBXFileReference; fileEncoding = 4; lastKnownFileType = sourcecode.c.objc; path = AppDelegate.m; sourceTree = "<group>"; };
		3F1B34A11EFA429900B41AC1 /* JINProperty.h */ = {isa = PBXFileReference; fileEncoding = 4; lastKnownFileType = sourcecode.c.h; path = JINProperty.h; sourceTree = "<group>"; };
		3F1B34A21EFA429900B41AC1 /* JINProtocolView.h */ = {isa = PBXFileReference; fileEncoding = 4; lastKnownFileType = sourcecode.c.h; path = JINProtocolView.h; sourceTree = "<group>"; };
		3F1B34A31EFA429900B41AC1 /* JINProtocolView.m */ = {isa = PBXFileReference; fileEncoding = 4; lastKnownFileType = sourcecode.c.objc; path = JINProtocolView.m; sourceTree = "<group>"; };
		3F1B34A41EFA429900B41AC1 /* JINTestView.h */ = {isa = PBXFileReference; fileEncoding = 4; lastKnownFileType = sourcecode.c.h; path = JINTestView.h; sourceTree = "<group>"; };
		3F1B34A51EFA429900B41AC1 /* JINTestView.m */ = {isa = PBXFileReference; fileEncoding = 4; lastKnownFileType = sourcecode.c.objc; path = JINTestView.m; sourceTree = "<group>"; };
		3F1B34AD1EFB77C000B41AC1 /* FMDatabase.h */ = {isa = PBXFileReference; fileEncoding = 4; lastKnownFileType = sourcecode.c.h; path = FMDatabase.h; sourceTree = "<group>"; };
		3F1B34AE1EFB77C000B41AC1 /* FMDatabase.m */ = {isa = PBXFileReference; fileEncoding = 4; lastKnownFileType = sourcecode.c.objc; path = FMDatabase.m; sourceTree = "<group>"; };
		3F1B34AF1EFB77C000B41AC1 /* FMDatabaseAdditions.h */ = {isa = PBXFileReference; fileEncoding = 4; lastKnownFileType = sourcecode.c.h; path = FMDatabaseAdditions.h; sourceTree = "<group>"; };
		3F1B34B01EFB77C000B41AC1 /* FMDatabaseAdditions.m */ = {isa = PBXFileReference; fileEncoding = 4; lastKnownFileType = sourcecode.c.objc; path = FMDatabaseAdditions.m; sourceTree = "<group>"; };
		3F1B34B11EFB77C000B41AC1 /* FMDatabasePool.h */ = {isa = PBXFileReference; fileEncoding = 4; lastKnownFileType = sourcecode.c.h; path = FMDatabasePool.h; sourceTree = "<group>"; };
		3F1B34B21EFB77C000B41AC1 /* FMDatabasePool.m */ = {isa = PBXFileReference; fileEncoding = 4; lastKnownFileType = sourcecode.c.objc; path = FMDatabasePool.m; sourceTree = "<group>"; };
		3F1B34B31EFB77C000B41AC1 /* FMDatabaseQueue.h */ = {isa = PBXFileReference; fileEncoding = 4; lastKnownFileType = sourcecode.c.h; path = FMDatabaseQueue.h; sourceTree = "<group>"; };
		3F1B34B41EFB77C000B41AC1 /* FMDatabaseQueue.m */ = {isa = PBXFileReference; fileEncoding = 4; lastKnownFileType = sourcecode.c.objc; path = FMDatabaseQueue.m; sourceTree = "<group>"; };
		3F1B34B51EFB77C000B41AC1 /* FMDB.h */ = {isa = PBXFileReference; fileEncoding = 4; lastKnownFileType = sourcecode.c.h; path = FMDB.h; sourceTree = "<group>"; };
		3F1B34B61EFB77C000B41AC1 /* FMResultSet.h */ = {isa = PBXFileReference; fileEncoding = 4; lastKnownFileType = sourcecode.c.h; path = FMResultSet.h; sourceTree = "<group>"; };
		3F1B34B71EFB77C000B41AC1 /* FMResultSet.m */ = {isa = PBXFileReference; fileEncoding = 4; lastKnownFileType = sourcecode.c.objc; path = FMResultSet.m; sourceTree = "<group>"; };
		3F1B34B81EFB77C000B41AC1 /* Info.plist */ = {isa = PBXFileReference; fileEncoding = 4; lastKnownFileType = text.plist.xml; path = Info.plist; sourceTree = "<group>"; };
		3F1B34C01EFB77FB00B41AC1 /* libsqlite3.0.tbd */ = {isa = PBXFileReference; lastKnownFileType = "sourcecode.text-based-dylib-definition"; name = libsqlite3.0.tbd; path = usr/lib/libsqlite3.0.tbd; sourceTree = SDKROOT; };
		3F2794301F009857008DA99D /* JINAutoLayoutController.h */ = {isa = PBXFileReference; fileEncoding = 4; lastKnownFileType = sourcecode.c.h; path = JINAutoLayoutController.h; sourceTree = "<group>"; };
		3F2794311F009857008DA99D /* JINAutoLayoutController.m */ = {isa = PBXFileReference; fileEncoding = 4; lastKnownFileType = sourcecode.c.objc; path = JINAutoLayoutController.m; sourceTree = "<group>"; };
		3F2877101F06305100823171 /* JINRealmApplyController.h */ = {isa = PBXFileReference; fileEncoding = 4; lastKnownFileType = sourcecode.c.h; path = JINRealmApplyController.h; sourceTree = "<group>"; };
		3F2877111F06305100823171 /* JINRealmApplyController.m */ = {isa = PBXFileReference; fileEncoding = 4; lastKnownFileType = sourcecode.c.objc; path = JINRealmApplyController.m; sourceTree = "<group>"; };
		3F2877131F06315100823171 /* JINPhoneModel.h */ = {isa = PBXFileReference; fileEncoding = 4; lastKnownFileType = sourcecode.c.h; path = JINPhoneModel.h; sourceTree = "<group>"; };
		3F2877141F06315100823171 /* JINPhoneModel.m */ = {isa = PBXFileReference; fileEncoding = 4; lastKnownFileType = sourcecode.c.objc; path = JINPhoneModel.m; sourceTree = "<group>"; };
		3F29EC8F1EEE2EB700959533 /* JINTools.app */ = {isa = PBXFileReference; explicitFileType = wrapper.application; includeInIndex = 0; path = JINTools.app; sourceTree = BUILT_PRODUCTS_DIR; };
		3F29EC931EEE2EB700959533 /* main.m */ = {isa = PBXFileReference; lastKnownFileType = sourcecode.c.objc; path = main.m; sourceTree = "<group>"; };
		3F29EC9E1EEE2EB800959533 /* Assets.xcassets */ = {isa = PBXFileReference; lastKnownFileType = folder.assetcatalog; path = Assets.xcassets; sourceTree = "<group>"; };
		3F29ECA11EEE2EB800959533 /* Base */ = {isa = PBXFileReference; lastKnownFileType = file.storyboard; name = Base; path = Base.lproj/LaunchScreen.storyboard; sourceTree = "<group>"; };
		3F29ECA31EEE2EB800959533 /* Info.plist */ = {isa = PBXFileReference; lastKnownFileType = text.plist.xml; path = Info.plist; sourceTree = "<group>"; };
		3F29ECDA1EEE486100959533 /* JINTools.pch */ = {isa = PBXFileReference; lastKnownFileType = sourcecode.c.h; path = JINTools.pch; sourceTree = "<group>"; };
		3FF5C4361F0202E4004FD134 /* JINBlockSecondController.h */ = {isa = PBXFileReference; fileEncoding = 4; lastKnownFileType = sourcecode.c.h; path = JINBlockSecondController.h; sourceTree = "<group>"; };
		3FF5C4371F0202E4004FD134 /* JINBlockSecondController.m */ = {isa = PBXFileReference; fileEncoding = 4; lastKnownFileType = sourcecode.c.objc; path = JINBlockSecondController.m; sourceTree = "<group>"; };
		3FF5C4381F0202E4004FD134 /* JINBlockSecondController.xib */ = {isa = PBXFileReference; fileEncoding = 4; lastKnownFileType = file.xib; path = JINBlockSecondController.xib; sourceTree = "<group>"; };
		3FF5C4391F0202E4004FD134 /* JINBlockViewController.h */ = {isa = PBXFileReference; fileEncoding = 4; lastKnownFileType = sourcecode.c.h; path = JINBlockViewController.h; sourceTree = "<group>"; };
		3FF5C43A1F0202E4004FD134 /* JINBlockViewController.m */ = {isa = PBXFileReference; fileEncoding = 4; lastKnownFileType = sourcecode.c.objc; path = JINBlockViewController.m; sourceTree = "<group>"; };
		3FF5C43E1F020322004FD134 /* ViewController.h */ = {isa = PBXFileReference; fileEncoding = 4; lastKnownFileType = sourcecode.c.h; path = ViewController.h; sourceTree = "<group>"; };
		3FF5C43F1F020322004FD134 /* ViewController.m */ = {isa = PBXFileReference; fileEncoding = 4; lastKnownFileType = sourcecode.c.objc; path = ViewController.m; sourceTree = "<group>"; };
		3FF5C4411F02034C004FD134 /* JINBaseViewController.h */ = {isa = PBXFileReference; fileEncoding = 4; lastKnownFileType = sourcecode.c.h; path = JINBaseViewController.h; sourceTree = "<group>"; };
		3FF5C4421F02034C004FD134 /* JINBaseViewController.m */ = {isa = PBXFileReference; fileEncoding = 4; lastKnownFileType = sourcecode.c.objc; path = JINBaseViewController.m; sourceTree = "<group>"; };
		3FF5C4451F02041F004FD134 /* JINRealmController.h */ = {isa = PBXFileReference; fileEncoding = 4; lastKnownFileType = sourcecode.c.h; path = JINRealmController.h; sourceTree = "<group>"; };
		3FF5C4461F02041F004FD134 /* JINRealmController.m */ = {isa = PBXFileReference; fileEncoding = 4; lastKnownFileType = sourcecode.c.objc; path = JINRealmController.m; sourceTree = "<group>"; };
		3FF5C4481F020519004FD134 /* JINRealmPerson.h */ = {isa = PBXFileReference; fileEncoding = 4; lastKnownFileType = sourcecode.c.h; path = JINRealmPerson.h; sourceTree = "<group>"; };
		3FF5C4491F020519004FD134 /* JINRealmPerson.m */ = {isa = PBXFileReference; fileEncoding = 4; lastKnownFileType = sourcecode.c.objc; path = JINRealmPerson.m; sourceTree = "<group>"; };
		3FF5C44B1F024540004FD134 /* JINRealmUpdateController.h */ = {isa = PBXFileReference; fileEncoding = 4; lastKnownFileType = sourcecode.c.h; path = JINRealmUpdateController.h; sourceTree = "<group>"; };
		3FF5C44C1F024540004FD134 /* JINRealmUpdateController.m */ = {isa = PBXFileReference; fileEncoding = 4; lastKnownFileType = sourcecode.c.objc; path = JINRealmUpdateController.m; sourceTree = "<group>"; };
		3FF5C44D1F024540004FD134 /* JINRealmUpdateController.xib */ = {isa = PBXFileReference; fileEncoding = 4; lastKnownFileType = file.xib; path = JINRealmUpdateController.xib; sourceTree = "<group>"; };
		3FF5C4501F0252D5004FD134 /* JINRealmAddController.h */ = {isa = PBXFileReference; fileEncoding = 4; lastKnownFileType = sourcecode.c.h; path = JINRealmAddController.h; sourceTree = "<group>"; };
		3FF5C4511F0252D5004FD134 /* JINRealmAddController.m */ = {isa = PBXFileReference; fileEncoding = 4; lastKnownFileType = sourcecode.c.objc; path = JINRealmAddController.m; sourceTree = "<group>"; };
		3FF5C4521F0252D5004FD134 /* JINRealmAddController.xib */ = {isa = PBXFileReference; fileEncoding = 4; lastKnownFileType = file.xib; path = JINRealmAddController.xib; sourceTree = "<group>"; };
		3FF5C4561F025962004FD134 /* JINAddController.h */ = {isa = PBXFileReference; fileEncoding = 4; lastKnownFileType = sourcecode.c.h; path = JINAddController.h; sourceTree = "<group>"; };
		3FF5C4571F025962004FD134 /* JINAddController.m */ = {isa = PBXFileReference; fileEncoding = 4; lastKnownFileType = sourcecode.c.objc; path = JINAddController.m; sourceTree = "<group>"; };
		3FF5C4581F025962004FD134 /* JINAddController.xib */ = {isa = PBXFileReference; fileEncoding = 4; lastKnownFileType = file.xib; path = JINAddController.xib; sourceTree = "<group>"; };
		3FF5C4591F025962004FD134 /* JINDataTestController.h */ = {isa = PBXFileReference; fileEncoding = 4; lastKnownFileType = sourcecode.c.h; path = JINDataTestController.h; sourceTree = "<group>"; };
		3FF5C45A1F025962004FD134 /* JINDataTestController.m */ = {isa = PBXFileReference; fileEncoding = 4; lastKnownFileType = sourcecode.c.objc; path = JINDataTestController.m; sourceTree = "<group>"; };
		3FF5C45B1F025962004FD134 /* JINfmdbTool.h */ = {isa = PBXFileReference; fileEncoding = 4; lastKnownFileType = sourcecode.c.h; path = JINfmdbTool.h; sourceTree = "<group>"; };
		3FF5C45C1F025962004FD134 /* JINfmdbTool.m */ = {isa = PBXFileReference; fileEncoding = 4; lastKnownFileType = sourcecode.c.objc; path = JINfmdbTool.m; sourceTree = "<group>"; };
		3FF5C45D1F025962004FD134 /* JINModel.h */ = {isa = PBXFileReference; fileEncoding = 4; lastKnownFileType = sourcecode.c.h; path = JINModel.h; sourceTree = "<group>"; };
		3FF5C45E1F025962004FD134 /* JINModel.m */ = {isa = PBXFileReference; fileEncoding = 4; lastKnownFileType = sourcecode.c.objc; path = JINModel.m; sourceTree = "<group>"; };
		3FF5C45F1F025962004FD134 /* JINUpdataController.h */ = {isa = PBXFileReference; fileEncoding = 4; lastKnownFileType = sourcecode.c.h; path = JINUpdataController.h; sourceTree = "<group>"; };
		3FF5C4601F025962004FD134 /* JINUpdataController.m */ = {isa = PBXFileReference; fileEncoding = 4; lastKnownFileType = sourcecode.c.objc; path = JINUpdataController.m; sourceTree = "<group>"; };
		3FF5C4611F025962004FD134 /* JINUpdataController.xib */ = {isa = PBXFileReference; fileEncoding = 4; lastKnownFileType = file.xib; path = JINUpdataController.xib; sourceTree = "<group>"; };
		B41DC3097E4C906C81A2D612 /* Pods_JINTools.framework */ = {isa = PBXFileReference; explicitFileType = wrapper.framework; includeInIndex = 0; path = Pods_JINTools.framework; sourceTree = BUILT_PRODUCTS_DIR; };
		E7DDCC99AFBC724DC2B812E4 /* Pods-JINTools.debug.xcconfig */ = {isa = PBXFileReference; includeInIndex = 1; lastKnownFileType = text.xcconfig; name = "Pods-JINTools.debug.xcconfig"; path = "Pods/Target Support Files/Pods-JINTools/Pods-JINTools.debug.xcconfig"; sourceTree = "<group>"; };
/* End PBXFileReference section */

/* Begin PBXFrameworksBuildPhase section */
		3F29EC8C1EEE2EB700959533 /* Frameworks */ = {
			isa = PBXFrameworksBuildPhase;
			buildActionMask = 2147483647;
			files = (
				3F1B34C11EFB77FB00B41AC1 /* libsqlite3.0.tbd in Frameworks */,
				24826FE6CB233627325E5179 /* Pods_JINTools.framework in Frameworks */,
			);
			runOnlyForDeploymentPostprocessing = 0;
		};
/* End PBXFrameworksBuildPhase section */

/* Begin PBXGroup section */
		3F03344B1F287ABC0046D3BD /* Tools */ = {
			isa = PBXGroup;
			children = (
				3F0334541F287C2A0046D3BD /* WebView */,
				3F03344C1F287ABD0046D3BD /* Extension */,
			);
			path = Tools;
			sourceTree = "<group>";
		};
		3F03344C1F287ABD0046D3BD /* Extension */ = {
			isa = PBXGroup;
			children = (
				3F03344D1F287ABD0046D3BD /* NSArray+Log.h */,
				3F03344E1F287ABD0046D3BD /* NSArray+Log.m */,
				3F03344F1F287ABD0046D3BD /* UIView+JINExtension.h */,
				3F0334501F287ABD0046D3BD /* UIView+JINExtension.m */,
			);
			path = Extension;
			sourceTree = "<group>";
		};
		3F0334541F287C2A0046D3BD /* WebView */ = {
			isa = PBXGroup;
			children = (
				3F0334581F287E780046D3BD /* JINWebView.h */,
				3F0334591F287E780046D3BD /* JINWebView.m */,
			);
			path = WebView;
			sourceTree = "<group>";
		};
		3F1B34921EFA04B200B41AC1 /* Enter */ = {
			isa = PBXGroup;
			children = (
				3F1B34931EFA04B200B41AC1 /* AppDelegate.h */,
				3F1B34941EFA04B200B41AC1 /* AppDelegate.m */,
				3FF5C43E1F020322004FD134 /* ViewController.h */,
				3FF5C43F1F020322004FD134 /* ViewController.m */,
			);
			path = Enter;
			sourceTree = "<group>";
		};
		3F1B34A01EFA429900B41AC1 /* Protocol */ = {
			isa = PBXGroup;
			children = (
				3F1B34A11EFA429900B41AC1 /* JINProperty.h */,
				3F1B34A21EFA429900B41AC1 /* JINProtocolView.h */,
				3F1B34A31EFA429900B41AC1 /* JINProtocolView.m */,
				3F1B34A41EFA429900B41AC1 /* JINTestView.h */,
				3F1B34A51EFA429900B41AC1 /* JINTestView.m */,
			);
			path = Protocol;
			sourceTree = "<group>";
		};
		3F1B34AB1EFB77A800B41AC1 /* Lib */ = {
			isa = PBXGroup;
			children = (
				3F1B34AC1EFB77C000B41AC1 /* fmdb */,
			);
			path = Lib;
			sourceTree = "<group>";
		};
		3F1B34AC1EFB77C000B41AC1 /* fmdb */ = {
			isa = PBXGroup;
			children = (
				3F1B34AD1EFB77C000B41AC1 /* FMDatabase.h */,
				3F1B34AE1EFB77C000B41AC1 /* FMDatabase.m */,
				3F1B34AF1EFB77C000B41AC1 /* FMDatabaseAdditions.h */,
				3F1B34B01EFB77C000B41AC1 /* FMDatabaseAdditions.m */,
				3F1B34B11EFB77C000B41AC1 /* FMDatabasePool.h */,
				3F1B34B21EFB77C000B41AC1 /* FMDatabasePool.m */,
				3F1B34B31EFB77C000B41AC1 /* FMDatabaseQueue.h */,
				3F1B34B41EFB77C000B41AC1 /* FMDatabaseQueue.m */,
				3F1B34B51EFB77C000B41AC1 /* FMDB.h */,
				3F1B34B61EFB77C000B41AC1 /* FMResultSet.h */,
				3F1B34B71EFB77C000B41AC1 /* FMResultSet.m */,
				3F1B34B81EFB77C000B41AC1 /* Info.plist */,
			);
			path = fmdb;
			sourceTree = "<group>";
		};
		3F1B34BF1EFB77FB00B41AC1 /* Frameworks */ = {
			isa = PBXGroup;
			children = (
				3F1B34C01EFB77FB00B41AC1 /* libsqlite3.0.tbd */,
				B41DC3097E4C906C81A2D612 /* Pods_JINTools.framework */,
			);
			name = Frameworks;
			sourceTree = "<group>";
		};
		3F27942F1F009815008DA99D /* AutoLayout */ = {
			isa = PBXGroup;
			children = (
				3F2794301F009857008DA99D /* JINAutoLayoutController.h */,
				3F2794311F009857008DA99D /* JINAutoLayoutController.m */,
				3F03345B1F2987B30046D3BD /* JINWebViewController.h */,
				3F03345C1F2987B30046D3BD /* JINWebViewController.m */,
				3F03345E1F29953C0046D3BD /* JINAudioController.h */,
				3F03345F1F29953C0046D3BD /* JINAudioController.m */,
				3F0334611F29D86F0046D3BD /* JINAudioFileController.h */,
				3F0334621F29D86F0046D3BD /* JINAudioFileController.m */,
				3F16E8BE1F2AE586005B5378 /* JINVideoController.h */,
				3F16E8BF1F2AE586005B5378 /* JINVideoController.m */,
			);
			path = AutoLayout;
			sourceTree = "<group>";
		};
		3F28770F1F06301800823171 /* Realm应用 */ = {
			isa = PBXGroup;
			children = (
				3F2877101F06305100823171 /* JINRealmApplyController.h */,
				3F2877111F06305100823171 /* JINRealmApplyController.m */,
				3F2877131F06315100823171 /* JINPhoneModel.h */,
				3F2877141F06315100823171 /* JINPhoneModel.m */,
			);
			path = "Realm应用";
			sourceTree = "<group>";
		};
		3F29EC861EEE2EB700959533 = {
			isa = PBXGroup;
			children = (
				3F29EC911EEE2EB700959533 /* JINTools */,
				3F29EC901EEE2EB700959533 /* Products */,
				3F1B34BF1EFB77FB00B41AC1 /* Frameworks */,
				C886E0F57A9ABADA39F88477 /* Pods */,
			);
			sourceTree = "<group>";
		};
		3F29EC901EEE2EB700959533 /* Products */ = {
			isa = PBXGroup;
			children = (
				3F29EC8F1EEE2EB700959533 /* JINTools.app */,
			);
			name = Products;
			sourceTree = "<group>";
		};
		3F29EC911EEE2EB700959533 /* JINTools */ = {
			isa = PBXGroup;
			children = (
				3F1B34921EFA04B200B41AC1 /* Enter */,
				3FF5C4351F0202E4004FD134 /* Block */,
				3F1B34A01EFA429900B41AC1 /* Protocol */,
				3FF5C4551F025962004FD134 /* Sqlite */,
				3FF5C4441F0203EF004FD134 /* Realm */,
				3F28770F1F06301800823171 /* Realm应用 */,
				3F27942F1F009815008DA99D /* AutoLayout */,
				3F03344B1F287ABC0046D3BD /* Tools */,
				3F1B34AB1EFB77A800B41AC1 /* Lib */,
				3F29EC921EEE2EB700959533 /* Supporting Files */,
			);
			path = JINTools;
			sourceTree = "<group>";
		};
		3F29EC921EEE2EB700959533 /* Supporting Files */ = {
			isa = PBXGroup;
			children = (
				3F16E8C11F2AEAE3005B5378 /* 1.mp4 */,
				3F29EC9E1EEE2EB800959533 /* Assets.xcassets */,
				3F29ECA01EEE2EB800959533 /* LaunchScreen.storyboard */,
				3F29ECA31EEE2EB800959533 /* Info.plist */,
				3F29EC931EEE2EB700959533 /* main.m */,
				3F29ECDA1EEE486100959533 /* JINTools.pch */,
			);
			name = "Supporting Files";
			sourceTree = "<group>";
		};
		3FF5C4351F0202E4004FD134 /* Block */ = {
			isa = PBXGroup;
			children = (
				3FF5C4411F02034C004FD134 /* JINBaseViewController.h */,
				3FF5C4421F02034C004FD134 /* JINBaseViewController.m */,
				3FF5C4361F0202E4004FD134 /* JINBlockSecondController.h */,
				3FF5C4371F0202E4004FD134 /* JINBlockSecondController.m */,
				3FF5C4381F0202E4004FD134 /* JINBlockSecondController.xib */,
				3FF5C4391F0202E4004FD134 /* JINBlockViewController.h */,
				3FF5C43A1F0202E4004FD134 /* JINBlockViewController.m */,
			);
			path = Block;
			sourceTree = "<group>";
		};
		3FF5C4441F0203EF004FD134 /* Realm */ = {
			isa = PBXGroup;
			children = (
				3FF5C4451F02041F004FD134 /* JINRealmController.h */,
				3FF5C4461F02041F004FD134 /* JINRealmController.m */,
				3FF5C44B1F024540004FD134 /* JINRealmUpdateController.h */,
				3FF5C44C1F024540004FD134 /* JINRealmUpdateController.m */,
				3FF5C44D1F024540004FD134 /* JINRealmUpdateController.xib */,
				3FF5C4501F0252D5004FD134 /* JINRealmAddController.h */,
				3FF5C4511F0252D5004FD134 /* JINRealmAddController.m */,
				3FF5C4521F0252D5004FD134 /* JINRealmAddController.xib */,
				3FF5C4481F020519004FD134 /* JINRealmPerson.h */,
				3FF5C4491F020519004FD134 /* JINRealmPerson.m */,
			);
			path = Realm;
			sourceTree = "<group>";
		};
		3FF5C4551F025962004FD134 /* Sqlite */ = {
			isa = PBXGroup;
			children = (
				3FF5C4561F025962004FD134 /* JINAddController.h */,
				3FF5C4571F025962004FD134 /* JINAddController.m */,
				3FF5C4581F025962004FD134 /* JINAddController.xib */,
				3FF5C4591F025962004FD134 /* JINDataTestController.h */,
				3FF5C45A1F025962004FD134 /* JINDataTestController.m */,
				3FF5C45B1F025962004FD134 /* JINfmdbTool.h */,
				3FF5C45C1F025962004FD134 /* JINfmdbTool.m */,
				3FF5C45D1F025962004FD134 /* JINModel.h */,
				3FF5C45E1F025962004FD134 /* JINModel.m */,
				3FF5C45F1F025962004FD134 /* JINUpdataController.h */,
				3FF5C4601F025962004FD134 /* JINUpdataController.m */,
				3FF5C4611F025962004FD134 /* JINUpdataController.xib */,
			);
			path = Sqlite;
			sourceTree = "<group>";
		};
		C886E0F57A9ABADA39F88477 /* Pods */ = {
			isa = PBXGroup;
			children = (
				E7DDCC99AFBC724DC2B812E4 /* Pods-JINTools.debug.xcconfig */,
				126AC1628DB3DB7690FF1E85 /* Pods-JINTools.release.xcconfig */,
			);
			name = Pods;
			sourceTree = "<group>";
		};
/* End PBXGroup section */

/* Begin PBXNativeTarget section */
		3F29EC8E1EEE2EB700959533 /* JINTools */ = {
			isa = PBXNativeTarget;
			buildConfigurationList = 3F29ECA61EEE2EB800959533 /* Build configuration list for PBXNativeTarget "JINTools" */;
			buildPhases = (
				9BAC5772859F6CB744046D4D /* [CP] Check Pods Manifest.lock */,
				3F29EC8B1EEE2EB700959533 /* Sources */,
				3F29EC8C1EEE2EB700959533 /* Frameworks */,
				3F29EC8D1EEE2EB700959533 /* Resources */,
				7168A9A7C638533ADF4AB739 /* [CP] Embed Pods Frameworks */,
				FADC578DDC89676A66A455AC /* [CP] Copy Pods Resources */,
			);
			buildRules = (
			);
			dependencies = (
			);
			name = JINTools;
			productName = JINTools;
			productReference = 3F29EC8F1EEE2EB700959533 /* JINTools.app */;
			productType = "com.apple.product-type.application";
		};
/* End PBXNativeTarget section */

/* Begin PBXProject section */
		3F29EC871EEE2EB700959533 /* Project object */ = {
			isa = PBXProject;
			attributes = {
				CLASSPREFIX = JIN;
				LastUpgradeCheck = 0830;
				ORGANIZATIONNAME = itclimb.yuancheng.com;
				TargetAttributes = {
					3F29EC8E1EEE2EB700959533 = {
						CreatedOnToolsVersion = 8.3.3;
						DevelopmentTeam = 22B4UKXY6S;
						ProvisioningStyle = Automatic;
					};
				};
			};
			buildConfigurationList = 3F29EC8A1EEE2EB700959533 /* Build configuration list for PBXProject "JINTools" */;
			compatibilityVersion = "Xcode 3.2";
			developmentRegion = English;
			hasScannedForEncodings = 0;
			knownRegions = (
				en,
				Base,
			);
			mainGroup = 3F29EC861EEE2EB700959533;
			productRefGroup = 3F29EC901EEE2EB700959533 /* Products */;
			projectDirPath = "";
			projectRoot = "";
			targets = (
				3F29EC8E1EEE2EB700959533 /* JINTools */,
			);
		};
/* End PBXProject section */

/* Begin PBXResourcesBuildPhase section */
		3F29EC8D1EEE2EB700959533 /* Resources */ = {
			isa = PBXResourcesBuildPhase;
			buildActionMask = 2147483647;
			files = (
				3FF5C4631F025962004FD134 /* JINAddController.xib in Resources */,
				3FF5C44F1F024540004FD134 /* JINRealmUpdateController.xib in Resources */,
				3FF5C4541F0252D5004FD134 /* JINRealmAddController.xib in Resources */,
				3F1B34BE1EFB77C000B41AC1 /* Info.plist in Resources */,
				3F29ECA21EEE2EB800959533 /* LaunchScreen.storyboard in Resources */,
				3F29EC9F1EEE2EB800959533 /* Assets.xcassets in Resources */,
				3F16E8C21F2AEAE3005B5378 /* 1.mp4 in Resources */,
				3FF5C4681F025962004FD134 /* JINUpdataController.xib in Resources */,
				3FF5C43C1F0202E4004FD134 /* JINBlockSecondController.xib in Resources */,
			);
			runOnlyForDeploymentPostprocessing = 0;
		};
/* End PBXResourcesBuildPhase section */

/* Begin PBXShellScriptBuildPhase section */
		7168A9A7C638533ADF4AB739 /* [CP] Embed Pods Frameworks */ = {
			isa = PBXShellScriptBuildPhase;
			buildActionMask = 2147483647;
			files = (
			);
			inputPaths = (
			);
			name = "[CP] Embed Pods Frameworks";
			outputPaths = (
			);
			runOnlyForDeploymentPostprocessing = 0;
			shellPath = /bin/sh;
			shellScript = "\"${SRCROOT}/Pods/Target Support Files/Pods-JINTools/Pods-JINTools-frameworks.sh\"\n";
			showEnvVarsInLog = 0;
		};
		9BAC5772859F6CB744046D4D /* [CP] Check Pods Manifest.lock */ = {
			isa = PBXShellScriptBuildPhase;
			buildActionMask = 2147483647;
			files = (
			);
			inputPaths = (
			);
			name = "[CP] Check Pods Manifest.lock";
			outputPaths = (
			);
			runOnlyForDeploymentPostprocessing = 0;
			shellPath = /bin/sh;
			shellScript = "diff \"${PODS_PODFILE_DIR_PATH}/Podfile.lock\" \"${PODS_ROOT}/Manifest.lock\" > /dev/null\nif [ $? != 0 ] ; then\n    # print error to STDERR\n    echo \"error: The sandbox is not in sync with the Podfile.lock. Run 'pod install' or update your CocoaPods installation.\" >&2\n    exit 1\nfi\n";
			showEnvVarsInLog = 0;
		};
		FADC578DDC89676A66A455AC /* [CP] Copy Pods Resources */ = {
			isa = PBXShellScriptBuildPhase;
			buildActionMask = 2147483647;
			files = (
			);
			inputPaths = (
			);
			name = "[CP] Copy Pods Resources";
			outputPaths = (
			);
			runOnlyForDeploymentPostprocessing = 0;
			shellPath = /bin/sh;
			shellScript = "\"${SRCROOT}/Pods/Target Support Files/Pods-JINTools/Pods-JINTools-resources.sh\"\n";
			showEnvVarsInLog = 0;
		};
/* End PBXShellScriptBuildPhase section */

/* Begin PBXSourcesBuildPhase section */
		3F29EC8B1EEE2EB700959533 /* Sources */ = {
			isa = PBXSourcesBuildPhase;
			buildActionMask = 2147483647;
			files = (
				3F2877121F06305100823171 /* JINRealmApplyController.m in Sources */,
				3F0334521F287ABD0046D3BD /* UIView+JINExtension.m in Sources */,
				3F0334511F287ABD0046D3BD /* NSArray+Log.m in Sources */,
				3F03345A1F287E780046D3BD /* JINWebView.m in Sources */,
				3FF5C4671F025962004FD134 /* JINUpdataController.m in Sources */,
				3F2794321F009857008DA99D /* JINAutoLayoutController.m in Sources */,
				3FF5C43B1F0202E4004FD134 /* JINBlockSecondController.m in Sources */,
				3F03345D1F2987B30046D3BD /* JINWebViewController.m in Sources */,
				3FF5C44E1F024540004FD134 /* JINRealmUpdateController.m in Sources */,
				3FF5C4531F0252D5004FD134 /* JINRealmAddController.m in Sources */,
				3F2877151F06315100823171 /* JINPhoneModel.m in Sources */,
				3F16E8C01F2AE586005B5378 /* JINVideoController.m in Sources */,
				3FF5C4471F02041F004FD134 /* JINRealmController.m in Sources */,
				3F0334601F29953C0046D3BD /* JINAudioController.m in Sources */,
				3F1B34BB1EFB77C000B41AC1 /* FMDatabasePool.m in Sources */,
				3F1B34BC1EFB77C000B41AC1 /* FMDatabaseQueue.m in Sources */,
				3F0334631F29D86F0046D3BD /* JINAudioFileController.m in Sources */,
				3F1B34A61EFA429900B41AC1 /* JINProtocolView.m in Sources */,
				3FF5C4431F02034C004FD134 /* JINBaseViewController.m in Sources */,
				3FF5C4621F025962004FD134 /* JINAddController.m in Sources */,
				3FF5C4651F025962004FD134 /* JINfmdbTool.m in Sources */,
				3F1B34951EFA04B200B41AC1 /* AppDelegate.m in Sources */,
				3FF5C43D1F0202E4004FD134 /* JINBlockViewController.m in Sources */,
				3F1B34A71EFA429900B41AC1 /* JINTestView.m in Sources */,
				3FF5C4401F020322004FD134 /* ViewController.m in Sources */,
				3FF5C4661F025962004FD134 /* JINModel.m in Sources */,
				3F1B34BD1EFB77C000B41AC1 /* FMResultSet.m in Sources */,
				3F1B34B91EFB77C000B41AC1 /* FMDatabase.m in Sources */,
				3F29EC941EEE2EB700959533 /* main.m in Sources */,
				3F1B34BA1EFB77C000B41AC1 /* FMDatabaseAdditions.m in Sources */,
				3FF5C44A1F020519004FD134 /* JINRealmPerson.m in Sources */,
				3FF5C4641F025962004FD134 /* JINDataTestController.m in Sources */,
			);
			runOnlyForDeploymentPostprocessing = 0;
		};
/* End PBXSourcesBuildPhase section */

/* Begin PBXVariantGroup section */
		3F29ECA01EEE2EB800959533 /* LaunchScreen.storyboard */ = {
			isa = PBXVariantGroup;
			children = (
				3F29ECA11EEE2EB800959533 /* Base */,
			);
			name = LaunchScreen.storyboard;
			sourceTree = "<group>";
		};
/* End PBXVariantGroup section */

/* Begin XCBuildConfiguration section */
		3F29ECA41EEE2EB800959533 /* Debug */ = {
			isa = XCBuildConfiguration;
			buildSettings = {
				ALWAYS_SEARCH_USER_PATHS = NO;
				CLANG_ANALYZER_NONNULL = YES;
				CLANG_ANALYZER_NUMBER_OBJECT_CONVERSION = YES_AGGRESSIVE;
				CLANG_CXX_LANGUAGE_STANDARD = "gnu++0x";
				CLANG_CXX_LIBRARY = "libc++";
				CLANG_ENABLE_MODULES = YES;
				CLANG_ENABLE_OBJC_ARC = YES;
				CLANG_WARN_BOOL_CONVERSION = YES;
				CLANG_WARN_CONSTANT_CONVERSION = YES;
				CLANG_WARN_DIRECT_OBJC_ISA_USAGE = YES_ERROR;
				CLANG_WARN_DOCUMENTATION_COMMENTS = YES;
				CLANG_WARN_EMPTY_BODY = YES;
				CLANG_WARN_ENUM_CONVERSION = YES;
				CLANG_WARN_INFINITE_RECURSION = YES;
				CLANG_WARN_INT_CONVERSION = YES;
				CLANG_WARN_OBJC_ROOT_CLASS = YES_ERROR;
				CLANG_WARN_SUSPICIOUS_MOVE = YES;
				CLANG_WARN_UNREACHABLE_CODE = YES;
				CLANG_WARN__DUPLICATE_METHOD_MATCH = YES;
				"CODE_SIGN_IDENTITY[sdk=iphoneos*]" = "iPhone Developer";
				COPY_PHASE_STRIP = NO;
				DEBUG_INFORMATION_FORMAT = dwarf;
				ENABLE_STRICT_OBJC_MSGSEND = YES;
				ENABLE_TESTABILITY = YES;
				GCC_C_LANGUAGE_STANDARD = gnu99;
				GCC_DYNAMIC_NO_PIC = NO;
				GCC_NO_COMMON_BLOCKS = YES;
				GCC_OPTIMIZATION_LEVEL = 0;
				GCC_PREPROCESSOR_DEFINITIONS = (
					"DEBUG=1",
					"$(inherited)",
				);
				GCC_WARN_64_TO_32_BIT_CONVERSION = YES;
				GCC_WARN_ABOUT_RETURN_TYPE = YES_ERROR;
				GCC_WARN_UNDECLARED_SELECTOR = YES;
				GCC_WARN_UNINITIALIZED_AUTOS = YES_AGGRESSIVE;
				GCC_WARN_UNUSED_FUNCTION = YES;
				GCC_WARN_UNUSED_VARIABLE = YES;
				IPHONEOS_DEPLOYMENT_TARGET = 10.3;
				MTL_ENABLE_DEBUG_INFO = YES;
				ONLY_ACTIVE_ARCH = YES;
				SDKROOT = iphoneos;
			};
			name = Debug;
		};
		3F29ECA51EEE2EB800959533 /* Release */ = {
			isa = XCBuildConfiguration;
			buildSettings = {
				ALWAYS_SEARCH_USER_PATHS = NO;
				CLANG_ANALYZER_NONNULL = YES;
				CLANG_ANALYZER_NUMBER_OBJECT_CONVERSION = YES_AGGRESSIVE;
				CLANG_CXX_LANGUAGE_STANDARD = "gnu++0x";
				CLANG_CXX_LIBRARY = "libc++";
				CLANG_ENABLE_MODULES = YES;
				CLANG_ENABLE_OBJC_ARC = YES;
				CLANG_WARN_BOOL_CONVERSION = YES;
				CLANG_WARN_CONSTANT_CONVERSION = YES;
				CLANG_WARN_DIRECT_OBJC_ISA_USAGE = YES_ERROR;
				CLANG_WARN_DOCUMENTATION_COMMENTS = YES;
				CLANG_WARN_EMPTY_BODY = YES;
				CLANG_WARN_ENUM_CONVERSION = YES;
				CLANG_WARN_INFINITE_RECURSION = YES;
				CLANG_WARN_INT_CONVERSION = YES;
				CLANG_WARN_OBJC_ROOT_CLASS = YES_ERROR;
				CLANG_WARN_SUSPICIOUS_MOVE = YES;
				CLANG_WARN_UNREACHABLE_CODE = YES;
				CLANG_WARN__DUPLICATE_METHOD_MATCH = YES;
				"CODE_SIGN_IDENTITY[sdk=iphoneos*]" = "iPhone Developer";
				COPY_PHASE_STRIP = NO;
				DEBUG_INFORMATION_FORMAT = "dwarf-with-dsym";
				ENABLE_NS_ASSERTIONS = NO;
				ENABLE_STRICT_OBJC_MSGSEND = YES;
				GCC_C_LANGUAGE_STANDARD = gnu99;
				GCC_NO_COMMON_BLOCKS = YES;
				GCC_WARN_64_TO_32_BIT_CONVERSION = YES;
				GCC_WARN_ABOUT_RETURN_TYPE = YES_ERROR;
				GCC_WARN_UNDECLARED_SELECTOR = YES;
				GCC_WARN_UNINITIALIZED_AUTOS = YES_AGGRESSIVE;
				GCC_WARN_UNUSED_FUNCTION = YES;
				GCC_WARN_UNUSED_VARIABLE = YES;
				IPHONEOS_DEPLOYMENT_TARGET = 10.3;
				MTL_ENABLE_DEBUG_INFO = NO;
				SDKROOT = iphoneos;
				VALIDATE_PRODUCT = YES;
			};
			name = Release;
		};
		3F29ECA71EEE2EB800959533 /* Debug */ = {
			isa = XCBuildConfiguration;
			baseConfigurationReference = E7DDCC99AFBC724DC2B812E4 /* Pods-JINTools.debug.xcconfig */;
			buildSettings = {
				ASSETCATALOG_COMPILER_APPICON_NAME = AppIcon;
				"CODE_SIGN_IDENTITY[sdk=iphoneos*]" = "iPhone Developer";
				CURRENT_PROJECT_VERSION = 20170809153516;
				DEVELOPMENT_TEAM = 22B4UKXY6S;
				GCC_PRECOMPILE_PREFIX_HEADER = YES;
				GCC_PREFIX_HEADER = "$(SRCROOT)/JINTools/JINTools.pch";
				INFOPLIST_FILE = JINTools/Info.plist;
				LD_RUNPATH_SEARCH_PATHS = "$(inherited) @executable_path/Frameworks";
				PRODUCT_BUNDLE_IDENTIFIER = itclimb.yuancheng.com.JINTools;
				PRODUCT_NAME = "$(TARGET_NAME)";
				PROVISIONING_PROFILE = "";
				PROVISIONING_PROFILE_SPECIFIER = "";
			};
			name = Debug;
		};
		3F29ECA81EEE2EB800959533 /* Release */ = {
			isa = XCBuildConfiguration;
			baseConfigurationReference = 126AC1628DB3DB7690FF1E85 /* Pods-JINTools.release.xcconfig */;
			buildSettings = {
				ASSETCATALOG_COMPILER_APPICON_NAME = AppIcon;
				"CODE_SIGN_IDENTITY[sdk=iphoneos*]" = "iPhone Developer";
				CURRENT_PROJECT_VERSION = 20170809153516;
				DEVELOPMENT_TEAM = 22B4UKXY6S;
				GCC_PRECOMPILE_PREFIX_HEADER = YES;
				GCC_PREFIX_HEADER = "$(SRCROOT)/JINTools/JINTools.pch";
				INFOPLIST_FILE = JINTools/Info.plist;
				LD_RUNPATH_SEARCH_PATHS = "$(inherited) @executable_path/Frameworks";
				PRODUCT_BUNDLE_IDENTIFIER = itclimb.yuancheng.com.JINTools;
				PRODUCT_NAME = "$(TARGET_NAME)";
				PROVISIONING_PROFILE = "";
				PROVISIONING_PROFILE_SPECIFIER = "";
			};
			name = Release;
		};
/* End XCBuildConfiguration section */

/* Begin XCConfigurationList section */
		3F29EC8A1EEE2EB700959533 /* Build configuration list for PBXProject "JINTools" */ = {
			isa = XCConfigurationList;
			buildConfigurations = (
				3F29ECA41EEE2EB800959533 /* Debug */,
				3F29ECA51EEE2EB800959533 /* Release */,
			);
			defaultConfigurationIsVisible = 0;
			defaultConfigurationName = Release;
		};
		3F29ECA61EEE2EB800959533 /* Build configuration list for PBXNativeTarget "JINTools" */ = {
			isa = XCConfigurationList;
			buildConfigurations = (
				3F29ECA71EEE2EB800959533 /* Debug */,
				3F29ECA81EEE2EB800959533 /* Release */,
			);
			defaultConfigurationIsVisible = 0;
			defaultConfigurationName = Release;
		};
/* End XCConfigurationList section */
	};
	rootObject = 3F29EC871EEE2EB700959533 /* Project object */;
}
