// !$*UTF8*$!
{
	archiveVersion = 1;
	classes = {
	};
	objectVersion = 46;
	objects = {

/* Begin PBXBuildFile section */
		3F1B34911EFA046100B41AC1 /* UIView+JINExtension.m in Sources */ = {isa = PBXBuildFile; fileRef = 3F1B34901EFA046100B41AC1 /* UIView+JINExtension.m */; };
		3F1B34951EFA04B200B41AC1 /* AppDelegate.m in Sources */ = {isa = PBXBuildFile; fileRef = 3F1B34941EFA04B200B41AC1 /* AppDelegate.m */; };
		3F1B34981EFA05DF00B41AC1 /* JINProtocolView.m in Sources */ = {isa = PBXBuildFile; fileRef = 3F1B34971EFA05DF00B41AC1 /* JINProtocolView.m */; };
		3F1B349F1EFA09BA00B41AC1 /* JINTestView.m in Sources */ = {isa = PBXBuildFile; fileRef = 3F1B349E1EFA09BA00B41AC1 /* JINTestView.m */; };
		3F29EC941EEE2EB700959533 /* main.m in Sources */ = {isa = PBXBuildFile; fileRef = 3F29EC931EEE2EB700959533 /* main.m */; };
		3F29EC9A1EEE2EB800959533 /* ViewController.m in Sources */ = {isa = PBXBuildFile; fileRef = 3F29EC991EEE2EB800959533 /* ViewController.m */; };
		3F29EC9F1EEE2EB800959533 /* Assets.xcassets in Resources */ = {isa = PBXBuildFile; fileRef = 3F29EC9E1EEE2EB800959533 /* Assets.xcassets */; };
		3F29ECA21EEE2EB800959533 /* LaunchScreen.storyboard in Resources */ = {isa = PBXBuildFile; fileRef = 3F29ECA01EEE2EB800959533 /* LaunchScreen.storyboard */; };
		3F29ECCE1EEE37F500959533 /* JINBaseViewController.m in Sources */ = {isa = PBXBuildFile; fileRef = 3F29ECCD1EEE37F500959533 /* JINBaseViewController.m */; };
		3F29ECD11EEE383000959533 /* JINBlockViewController.m in Sources */ = {isa = PBXBuildFile; fileRef = 3F29ECD01EEE383000959533 /* JINBlockViewController.m */; };
		3F29ECD41EEE38C000959533 /* JINBlockSecondController.m in Sources */ = {isa = PBXBuildFile; fileRef = 3F29ECD31EEE38C000959533 /* JINBlockSecondController.m */; };
		3F29ECD61EEE38EB00959533 /* JINBlockSecondController.xib in Resources */ = {isa = PBXBuildFile; fileRef = 3F29ECD51EEE38EB00959533 /* JINBlockSecondController.xib */; };
/* End PBXBuildFile section */

/* Begin PBXFileReference section */
		3F1B348F1EFA046100B41AC1 /* UIView+JINExtension.h */ = {isa = PBXFileReference; fileEncoding = 4; lastKnownFileType = sourcecode.c.h; path = "UIView+JINExtension.h"; sourceTree = "<group>"; };
		3F1B34901EFA046100B41AC1 /* UIView+JINExtension.m */ = {isa = PBXFileReference; fileEncoding = 4; lastKnownFileType = sourcecode.c.objc; path = "UIView+JINExtension.m"; sourceTree = "<group>"; };
		3F1B34931EFA04B200B41AC1 /* AppDelegate.h */ = {isa = PBXFileReference; fileEncoding = 4; lastKnownFileType = sourcecode.c.h; path = AppDelegate.h; sourceTree = "<group>"; };
		3F1B34941EFA04B200B41AC1 /* AppDelegate.m */ = {isa = PBXFileReference; fileEncoding = 4; lastKnownFileType = sourcecode.c.objc; path = AppDelegate.m; sourceTree = "<group>"; };
		3F1B34961EFA05DF00B41AC1 /* JINProtocolView.h */ = {isa = PBXFileReference; fileEncoding = 4; lastKnownFileType = sourcecode.c.h; path = JINProtocolView.h; sourceTree = "<group>"; };
		3F1B34971EFA05DF00B41AC1 /* JINProtocolView.m */ = {isa = PBXFileReference; fileEncoding = 4; lastKnownFileType = sourcecode.c.objc; path = JINProtocolView.m; sourceTree = "<group>"; };
		3F1B34991EFA073E00B41AC1 /* JINProperty.h */ = {isa = PBXFileReference; fileEncoding = 4; lastKnownFileType = sourcecode.c.h; path = JINProperty.h; sourceTree = "<group>"; };
		3F1B349D1EFA09BA00B41AC1 /* JINTestView.h */ = {isa = PBXFileReference; fileEncoding = 4; lastKnownFileType = sourcecode.c.h; path = JINTestView.h; sourceTree = "<group>"; };
		3F1B349E1EFA09BA00B41AC1 /* JINTestView.m */ = {isa = PBXFileReference; fileEncoding = 4; lastKnownFileType = sourcecode.c.objc; path = JINTestView.m; sourceTree = "<group>"; };
		3F29EC8F1EEE2EB700959533 /* JINTools.app */ = {isa = PBXFileReference; explicitFileType = wrapper.application; includeInIndex = 0; path = JINTools.app; sourceTree = BUILT_PRODUCTS_DIR; };
		3F29EC931EEE2EB700959533 /* main.m */ = {isa = PBXFileReference; lastKnownFileType = sourcecode.c.objc; path = main.m; sourceTree = "<group>"; };
		3F29EC981EEE2EB800959533 /* ViewController.h */ = {isa = PBXFileReference; lastKnownFileType = sourcecode.c.h; path = ViewController.h; sourceTree = "<group>"; };
		3F29EC991EEE2EB800959533 /* ViewController.m */ = {isa = PBXFileReference; lastKnownFileType = sourcecode.c.objc; path = ViewController.m; sourceTree = "<group>"; };
		3F29EC9E1EEE2EB800959533 /* Assets.xcassets */ = {isa = PBXFileReference; lastKnownFileType = folder.assetcatalog; path = Assets.xcassets; sourceTree = "<group>"; };
		3F29ECA11EEE2EB800959533 /* Base */ = {isa = PBXFileReference; lastKnownFileType = file.storyboard; name = Base; path = Base.lproj/LaunchScreen.storyboard; sourceTree = "<group>"; };
		3F29ECA31EEE2EB800959533 /* Info.plist */ = {isa = PBXFileReference; lastKnownFileType = text.plist.xml; path = Info.plist; sourceTree = "<group>"; };
		3F29ECCC1EEE37F500959533 /* JINBaseViewController.h */ = {isa = PBXFileReference; fileEncoding = 4; lastKnownFileType = sourcecode.c.h; path = JINBaseViewController.h; sourceTree = "<group>"; };
		3F29ECCD1EEE37F500959533 /* JINBaseViewController.m */ = {isa = PBXFileReference; fileEncoding = 4; lastKnownFileType = sourcecode.c.objc; path = JINBaseViewController.m; sourceTree = "<group>"; };
		3F29ECCF1EEE383000959533 /* JINBlockViewController.h */ = {isa = PBXFileReference; fileEncoding = 4; lastKnownFileType = sourcecode.c.h; path = JINBlockViewController.h; sourceTree = "<group>"; };
		3F29ECD01EEE383000959533 /* JINBlockViewController.m */ = {isa = PBXFileReference; fileEncoding = 4; lastKnownFileType = sourcecode.c.objc; path = JINBlockViewController.m; sourceTree = "<group>"; };
		3F29ECD21EEE38C000959533 /* JINBlockSecondController.h */ = {isa = PBXFileReference; fileEncoding = 4; lastKnownFileType = sourcecode.c.h; path = JINBlockSecondController.h; sourceTree = "<group>"; };
		3F29ECD31EEE38C000959533 /* JINBlockSecondController.m */ = {isa = PBXFileReference; fileEncoding = 4; lastKnownFileType = sourcecode.c.objc; path = JINBlockSecondController.m; sourceTree = "<group>"; };
		3F29ECD51EEE38EB00959533 /* JINBlockSecondController.xib */ = {isa = PBXFileReference; fileEncoding = 4; lastKnownFileType = file.xib; path = JINBlockSecondController.xib; sourceTree = "<group>"; };
		3F29ECDA1EEE486100959533 /* JINTools.pch */ = {isa = PBXFileReference; lastKnownFileType = sourcecode.c.h; path = JINTools.pch; sourceTree = "<group>"; };
/* End PBXFileReference section */

/* Begin PBXFrameworksBuildPhase section */
		3F29EC8C1EEE2EB700959533 /* Frameworks */ = {
			isa = PBXFrameworksBuildPhase;
			buildActionMask = 2147483647;
			files = (
			);
			runOnlyForDeploymentPostprocessing = 0;
		};
/* End PBXFrameworksBuildPhase section */

/* Begin PBXGroup section */
		3F1B348E1EFA046100B41AC1 /* Extension */ = {
			isa = PBXGroup;
			children = (
				3F1B348F1EFA046100B41AC1 /* UIView+JINExtension.h */,
				3F1B34901EFA046100B41AC1 /* UIView+JINExtension.m */,
			);
			path = Extension;
			sourceTree = "<group>";
		};
		3F1B34921EFA04B200B41AC1 /* Enter */ = {
			isa = PBXGroup;
			children = (
				3F1B34931EFA04B200B41AC1 /* AppDelegate.h */,
				3F1B34941EFA04B200B41AC1 /* AppDelegate.m */,
			);
			path = Enter;
			sourceTree = "<group>";
		};
		3F29EC861EEE2EB700959533 = {
			isa = PBXGroup;
			children = (
				3F29EC911EEE2EB700959533 /* JINTools */,
				3F29EC901EEE2EB700959533 /* Products */,
			);
			sourceTree = "<group>";
		};
		3F29EC901EEE2EB700959533 /* Products */ = {
			isa = PBXGroup;
			children = (
				3F29EC8F1EEE2EB700959533 /* JINTools.app */,
			);
			name = Products;
			sourceTree = "<group>";
		};
		3F29EC911EEE2EB700959533 /* JINTools */ = {
			isa = PBXGroup;
			children = (
				3F1B34921EFA04B200B41AC1 /* Enter */,
				3F29EC981EEE2EB800959533 /* ViewController.h */,
				3F29EC991EEE2EB800959533 /* ViewController.m */,
				3F29ECCC1EEE37F500959533 /* JINBaseViewController.h */,
				3F29ECCD1EEE37F500959533 /* JINBaseViewController.m */,
				3F29ECCF1EEE383000959533 /* JINBlockViewController.h */,
				3F29ECD01EEE383000959533 /* JINBlockViewController.m */,
				3F29ECD21EEE38C000959533 /* JINBlockSecondController.h */,
				3F29ECD31EEE38C000959533 /* JINBlockSecondController.m */,
				3F29ECD51EEE38EB00959533 /* JINBlockSecondController.xib */,
				3F1B34991EFA073E00B41AC1 /* JINProperty.h */,
				3F1B34961EFA05DF00B41AC1 /* JINProtocolView.h */,
				3F1B34971EFA05DF00B41AC1 /* JINProtocolView.m */,
				3F1B349D1EFA09BA00B41AC1 /* JINTestView.h */,
				3F1B349E1EFA09BA00B41AC1 /* JINTestView.m */,
				3F1B348E1EFA046100B41AC1 /* Extension */,
				3F29EC921EEE2EB700959533 /* Supporting Files */,
			);
			path = JINTools;
			sourceTree = "<group>";
		};
		3F29EC921EEE2EB700959533 /* Supporting Files */ = {
			isa = PBXGroup;
			children = (
				3F29EC9E1EEE2EB800959533 /* Assets.xcassets */,
				3F29ECA01EEE2EB800959533 /* LaunchScreen.storyboard */,
				3F29ECA31EEE2EB800959533 /* Info.plist */,
				3F29EC931EEE2EB700959533 /* main.m */,
				3F29ECDA1EEE486100959533 /* JINTools.pch */,
			);
			name = "Supporting Files";
			sourceTree = "<group>";
		};
/* End PBXGroup section */

/* Begin PBXNativeTarget section */
		3F29EC8E1EEE2EB700959533 /* JINTools */ = {
			isa = PBXNativeTarget;
			buildConfigurationList = 3F29ECA61EEE2EB800959533 /* Build configuration list for PBXNativeTarget "JINTools" */;
			buildPhases = (
				3F29EC8B1EEE2EB700959533 /* Sources */,
				3F29EC8C1EEE2EB700959533 /* Frameworks */,
				3F29EC8D1EEE2EB700959533 /* Resources */,
			);
			buildRules = (
			);
			dependencies = (
			);
			name = JINTools;
			productName = JINTools;
			productReference = 3F29EC8F1EEE2EB700959533 /* JINTools.app */;
			productType = "com.apple.product-type.application";
		};
/* End PBXNativeTarget section */

/* Begin PBXProject section */
		3F29EC871EEE2EB700959533 /* Project object */ = {
			isa = PBXProject;
			attributes = {
				CLASSPREFIX = JIN;
				LastUpgradeCheck = 0830;
				ORGANIZATIONNAME = itclimb.yuancheng.com;
				TargetAttributes = {
					3F29EC8E1EEE2EB700959533 = {
						CreatedOnToolsVersion = 8.3.3;
						DevelopmentTeam = 22B4UKXY6S;
						ProvisioningStyle = Automatic;
					};
				};
			};
			buildConfigurationList = 3F29EC8A1EEE2EB700959533 /* Build configuration list for PBXProject "JINTools" */;
			compatibilityVersion = "Xcode 3.2";
			developmentRegion = English;
			hasScannedForEncodings = 0;
			knownRegions = (
				en,
				Base,
			);
			mainGroup = 3F29EC861EEE2EB700959533;
			productRefGroup = 3F29EC901EEE2EB700959533 /* Products */;
			projectDirPath = "";
			projectRoot = "";
			targets = (
				3F29EC8E1EEE2EB700959533 /* JINTools */,
			);
		};
/* End PBXProject section */

/* Begin PBXResourcesBuildPhase section */
		3F29EC8D1EEE2EB700959533 /* Resources */ = {
			isa = PBXResourcesBuildPhase;
			buildActionMask = 2147483647;
			files = (
				3F29ECD61EEE38EB00959533 /* JINBlockSecondController.xib in Resources */,
				3F29ECA21EEE2EB800959533 /* LaunchScreen.storyboard in Resources */,
				3F29EC9F1EEE2EB800959533 /* Assets.xcassets in Resources */,
			);
			runOnlyForDeploymentPostprocessing = 0;
		};
/* End PBXResourcesBuildPhase section */

/* Begin PBXSourcesBuildPhase section */
		3F29EC8B1EEE2EB700959533 /* Sources */ = {
			isa = PBXSourcesBuildPhase;
			buildActionMask = 2147483647;
			files = (
				3F29EC9A1EEE2EB800959533 /* ViewController.m in Sources */,
				3F29ECCE1EEE37F500959533 /* JINBaseViewController.m in Sources */,
				3F1B34981EFA05DF00B41AC1 /* JINProtocolView.m in Sources */,
				3F1B34911EFA046100B41AC1 /* UIView+JINExtension.m in Sources */,
				3F1B34951EFA04B200B41AC1 /* AppDelegate.m in Sources */,
				3F1B349F1EFA09BA00B41AC1 /* JINTestView.m in Sources */,
				3F29ECD41EEE38C000959533 /* JINBlockSecondController.m in Sources */,
				3F29ECD11EEE383000959533 /* JINBlockViewController.m in Sources */,
				3F29EC941EEE2EB700959533 /* main.m in Sources */,
			);
			runOnlyForDeploymentPostprocessing = 0;
		};
/* End PBXSourcesBuildPhase section */

/* Begin PBXVariantGroup section */
		3F29ECA01EEE2EB800959533 /* LaunchScreen.storyboard */ = {
			isa = PBXVariantGroup;
			children = (
				3F29ECA11EEE2EB800959533 /* Base */,
			);
			name = LaunchScreen.storyboard;
			sourceTree = "<group>";
		};
/* End PBXVariantGroup section */

/* Begin XCBuildConfiguration section */
		3F29ECA41EEE2EB800959533 /* Debug */ = {
			isa = XCBuildConfiguration;
			buildSettings = {
				ALWAYS_SEARCH_USER_PATHS = NO;
				CLANG_ANALYZER_NONNULL = YES;
				CLANG_ANALYZER_NUMBER_OBJECT_CONVERSION = YES_AGGRESSIVE;
				CLANG_CXX_LANGUAGE_STANDARD = "gnu++0x";
				CLANG_CXX_LIBRARY = "libc++";
				CLANG_ENABLE_MODULES = YES;
				CLANG_ENABLE_OBJC_ARC = YES;
				CLANG_WARN_BOOL_CONVERSION = YES;
				CLANG_WARN_CONSTANT_CONVERSION = YES;
				CLANG_WARN_DIRECT_OBJC_ISA_USAGE = YES_ERROR;
				CLANG_WARN_DOCUMENTATION_COMMENTS = YES;
				CLANG_WARN_EMPTY_BODY = YES;
				CLANG_WARN_ENUM_CONVERSION = YES;
				CLANG_WARN_INFINITE_RECURSION = YES;
				CLANG_WARN_INT_CONVERSION = YES;
				CLANG_WARN_OBJC_ROOT_CLASS = YES_ERROR;
				CLANG_WARN_SUSPICIOUS_MOVE = YES;
				CLANG_WARN_UNREACHABLE_CODE = YES;
				CLANG_WARN__DUPLICATE_METHOD_MATCH = YES;
				"CODE_SIGN_IDENTITY[sdk=iphoneos*]" = "iPhone Developer";
				COPY_PHASE_STRIP = NO;
				DEBUG_INFORMATION_FORMAT = dwarf;
				ENABLE_STRICT_OBJC_MSGSEND = YES;
				ENABLE_TESTABILITY = YES;
				GCC_C_LANGUAGE_STANDARD = gnu99;
				GCC_DYNAMIC_NO_PIC = NO;
				GCC_NO_COMMON_BLOCKS = YES;
				GCC_OPTIMIZATION_LEVEL = 0;
				GCC_PREPROCESSOR_DEFINITIONS = (
					"DEBUG=1",
					"$(inherited)",
				);
				GCC_WARN_64_TO_32_BIT_CONVERSION = YES;
				GCC_WARN_ABOUT_RETURN_TYPE = YES_ERROR;
				GCC_WARN_UNDECLARED_SELECTOR = YES;
				GCC_WARN_UNINITIALIZED_AUTOS = YES_AGGRESSIVE;
				GCC_WARN_UNUSED_FUNCTION = YES;
				GCC_WARN_UNUSED_VARIABLE = YES;
				IPHONEOS_DEPLOYMENT_TARGET = 10.3;
				MTL_ENABLE_DEBUG_INFO = YES;
				ONLY_ACTIVE_ARCH = YES;
				SDKROOT = iphoneos;
			};
			name = Debug;
		};
		3F29ECA51EEE2EB800959533 /* Release */ = {
			isa = XCBuildConfiguration;
			buildSettings = {
				ALWAYS_SEARCH_USER_PATHS = NO;
				CLANG_ANALYZER_NONNULL = YES;
				CLANG_ANALYZER_NUMBER_OBJECT_CONVERSION = YES_AGGRESSIVE;
				CLANG_CXX_LANGUAGE_STANDARD = "gnu++0x";
				CLANG_CXX_LIBRARY = "libc++";
				CLANG_ENABLE_MODULES = YES;
				CLANG_ENABLE_OBJC_ARC = YES;
				CLANG_WARN_BOOL_CONVERSION = YES;
				CLANG_WARN_CONSTANT_CONVERSION = YES;
				CLANG_WARN_DIRECT_OBJC_ISA_USAGE = YES_ERROR;
				CLANG_WARN_DOCUMENTATION_COMMENTS = YES;
				CLANG_WARN_EMPTY_BODY = YES;
				CLANG_WARN_ENUM_CONVERSION = YES;
				CLANG_WARN_INFINITE_RECURSION = YES;
				CLANG_WARN_INT_CONVERSION = YES;
				CLANG_WARN_OBJC_ROOT_CLASS = YES_ERROR;
				CLANG_WARN_SUSPICIOUS_MOVE = YES;
				CLANG_WARN_UNREACHABLE_CODE = YES;
				CLANG_WARN__DUPLICATE_METHOD_MATCH = YES;
				"CODE_SIGN_IDENTITY[sdk=iphoneos*]" = "iPhone Developer";
				COPY_PHASE_STRIP = NO;
				DEBUG_INFORMATION_FORMAT = "dwarf-with-dsym";
				ENABLE_NS_ASSERTIONS = NO;
				ENABLE_STRICT_OBJC_MSGSEND = YES;
				GCC_C_LANGUAGE_STANDARD = gnu99;
				GCC_NO_COMMON_BLOCKS = YES;
				GCC_WARN_64_TO_32_BIT_CONVERSION = YES;
				GCC_WARN_ABOUT_RETURN_TYPE = YES_ERROR;
				GCC_WARN_UNDECLARED_SELECTOR = YES;
				GCC_WARN_UNINITIALIZED_AUTOS = YES_AGGRESSIVE;
				GCC_WARN_UNUSED_FUNCTION = YES;
				GCC_WARN_UNUSED_VARIABLE = YES;
				IPHONEOS_DEPLOYMENT_TARGET = 10.3;
				MTL_ENABLE_DEBUG_INFO = NO;
				SDKROOT = iphoneos;
				VALIDATE_PRODUCT = YES;
			};
			name = Release;
		};
		3F29ECA71EEE2EB800959533 /* Debug */ = {
			isa = XCBuildConfiguration;
			buildSettings = {
				ASSETCATALOG_COMPILER_APPICON_NAME = AppIcon;
				DEVELOPMENT_TEAM = 22B4UKXY6S;
				GCC_PRECOMPILE_PREFIX_HEADER = YES;
				GCC_PREFIX_HEADER = "$(SRCROOT)/JINTools/JINTools.pch";
				INFOPLIST_FILE = JINTools/Info.plist;
				LD_RUNPATH_SEARCH_PATHS = "$(inherited) @executable_path/Frameworks";
				PRODUCT_BUNDLE_IDENTIFIER = itclimb.yuancheng.com.JINTools;
				PRODUCT_NAME = "$(TARGET_NAME)";
			};
			name = Debug;
		};
		3F29ECA81EEE2EB800959533 /* Release */ = {
			isa = XCBuildConfiguration;
			buildSettings = {
				ASSETCATALOG_COMPILER_APPICON_NAME = AppIcon;
				DEVELOPMENT_TEAM = 22B4UKXY6S;
				GCC_PRECOMPILE_PREFIX_HEADER = YES;
				GCC_PREFIX_HEADER = "$(SRCROOT)/JINTools/JINTools.pch";
				INFOPLIST_FILE = JINTools/Info.plist;
				LD_RUNPATH_SEARCH_PATHS = "$(inherited) @executable_path/Frameworks";
				PRODUCT_BUNDLE_IDENTIFIER = itclimb.yuancheng.com.JINTools;
				PRODUCT_NAME = "$(TARGET_NAME)";
			};
			name = Release;
		};
/* End XCBuildConfiguration section */

/* Begin XCConfigurationList section */
		3F29EC8A1EEE2EB700959533 /* Build configuration list for PBXProject "JINTools" */ = {
			isa = XCConfigurationList;
			buildConfigurations = (
				3F29ECA41EEE2EB800959533 /* Debug */,
				3F29ECA51EEE2EB800959533 /* Release */,
			);
			defaultConfigurationIsVisible = 0;
			defaultConfigurationName = Release;
		};
		3F29ECA61EEE2EB800959533 /* Build configuration list for PBXNativeTarget "JINTools" */ = {
			isa = XCConfigurationList;
			buildConfigurations = (
				3F29ECA71EEE2EB800959533 /* Debug */,
				3F29ECA81EEE2EB800959533 /* Release */,
			);
			defaultConfigurationIsVisible = 0;
			defaultConfigurationName = Release;
		};
/* End XCConfigurationList section */
	};
	rootObject = 3F29EC871EEE2EB700959533 /* Project object */;
}
